
Microsoft Visual Studio Solution File, Format Version 12.00
# Visual Studio 2012
Project("{FAE04EC0-301F-11D3-BF4B-00C04F79EFBC}") = "TargetAnalyser", "TargetAnalyser.csproj", "{B620E1DA-DF2A-41CB-9181-08FC5363E97C}"
EndProject
Global
	GlobalSection(SolutionConfigurationPlatforms) = preSolution
		DebugConsole|Any CPU = DebugConsole|Any CPU
		DebugConsole|x86 = DebugConsole|x86
		DebugGUI|Any CPU = DebugGUI|Any CPU
		DebugGUI|x86 = DebugGUI|x86
		ReleaseConsole|Any CPU = ReleaseConsole|Any CPU
		ReleaseConsole|x86 = ReleaseConsole|x86
		ReleaseGUI|Any CPU = ReleaseGUI|Any CPU
		ReleaseGUI|x86 = ReleaseGUI|x86
	EndGlobalSection
	GlobalSection(ProjectConfigurationPlatforms) = postSolution
		{B620E1DA-DF2A-41CB-9181-08FC5363E97C}.DebugConsole|Any CPU.ActiveCfg = DebugConsole|Any CPU
		{B620E1DA-DF2A-41CB-9181-08FC5363E97C}.DebugConsole|Any CPU.Build.0 = DebugConsole|Any CPU
		{B620E1DA-DF2A-41CB-9181-08FC5363E97C}.DebugConsole|x86.ActiveCfg = DebugConsole|Any CPU
		{B620E1DA-DF2A-41CB-9181-08FC5363E97C}.DebugConsole|x86.Build.0 = DebugConsole|Any CPU
		{B620E1DA-DF2A-41CB-9181-08FC5363E97C}.DebugGUI|Any CPU.ActiveCfg = DebugGUI|Any CPU
		{B620E1DA-DF2A-41CB-9181-08FC5363E97C}.DebugGUI|Any CPU.Build.0 = DebugGUI|Any CPU
		{B620E1DA-DF2A-41CB-9181-08FC5363E97C}.DebugGUI|x86.ActiveCfg = DebugGUI|Any CPU
		{B620E1DA-DF2A-41CB-9181-08FC5363E97C}.DebugGUI|x86.Build.0 = DebugGUI|Any CPU
		{B620E1DA-DF2A-41CB-9181-08FC5363E97C}.ReleaseConsole|Any CPU.ActiveCfg = ReleaseConsole|Any CPU
		{B620E1DA-DF2A-41CB-9181-08FC5363E97C}.ReleaseConsole|Any CPU.Build.0 = ReleaseConsole|Any CPU
		{B620E1DA-DF2A-41CB-9181-08FC5363E97C}.ReleaseConsole|x86.ActiveCfg = ReleaseConsole|Any CPU
		{B620E1DA-DF2A-41CB-9181-08FC5363E97C}.ReleaseConsole|x86.Build.0 = ReleaseConsole|Any CPU
		{B620E1DA-DF2A-41CB-9181-08FC5363E97C}.ReleaseGUI|Any CPU.ActiveCfg = Release|x86
		{B620E1DA-DF2A-41CB-9181-08FC5363E97C}.ReleaseGUI|Any CPU.Build.0 = Release|x86
		{B620E1DA-DF2A-41CB-9181-08FC5363E97C}.ReleaseGUI|x86.ActiveCfg = Release|Any CPU
		{B620E1DA-DF2A-41CB-9181-08FC5363E97C}.ReleaseGUI|x86.Build.0 = Release|Any CPU
	EndGlobalSection
	GlobalSection(SolutionProperties) = preSolution
		HideSolutionNode = FALSE
	EndGlobalSection
EndGlobal
